// !$*UTF8*$!
{
	archiveVersion = 1;
	classes = {
	};
	objectVersion = 56;
	objects = {

/* Begin PBXBuildFile section */
		D17D79842AFF9AAD0063851D /* AppDelegate.swift in Sources */ = {isa = PBXBuildFile; fileRef = D17D79832AFF9AAD0063851D /* AppDelegate.swift */; };
		D17D79862AFF9AAD0063851D /* SceneDelegate.swift in Sources */ = {isa = PBXBuildFile; fileRef = D17D79852AFF9AAD0063851D /* SceneDelegate.swift */; };
		D17D798D2AFF9AAF0063851D /* Assets.xcassets in Resources */ = {isa = PBXBuildFile; fileRef = D17D798C2AFF9AAF0063851D /* Assets.xcassets */; };
		D17D79902AFF9AAF0063851D /* LaunchScreen.storyboard in Resources */ = {isa = PBXBuildFile; fileRef = D17D798E2AFF9AAF0063851D /* LaunchScreen.storyboard */; };
		D17D799F2AFFA1F00063851D /* Alamofire in Frameworks */ = {isa = PBXBuildFile; productRef = D17D799E2AFFA1F00063851D /* Alamofire */; };
		D17D79A42AFFA2CE0063851D /* ApiConstants.swift in Sources */ = {isa = PBXBuildFile; fileRef = D17D79A32AFFA2CE0063851D /* ApiConstants.swift */; };
		D17D79A62AFFA3AA0063851D /* DrinkModel.swift in Sources */ = {isa = PBXBuildFile; fileRef = D17D79A52AFFA3AA0063851D /* DrinkModel.swift */; };
		D17D79A82AFFA6B80063851D /* IngredientModel.swift in Sources */ = {isa = PBXBuildFile; fileRef = D17D79A72AFFA6B80063851D /* IngredientModel.swift */; };
		D17D79AA2AFFC0B70063851D /* Catalog.storyboard in Resources */ = {isa = PBXBuildFile; fileRef = D17D79A92AFFC0B70063851D /* Catalog.storyboard */; };
		D17D79AC2AFFC1820063851D /* CatalogTVC.swift in Sources */ = {isa = PBXBuildFile; fileRef = D17D79AB2AFFC1820063851D /* CatalogTVC.swift */; };
		D199F8A32B286974005B42FE /* CocktailsCVC.swift in Sources */ = {isa = PBXBuildFile; fileRef = D199F8A22B286974005B42FE /* CocktailsCVC.swift */; };
		D199F8A72B2869AB005B42FE /* CollectionViewCell.swift in Sources */ = {isa = PBXBuildFile; fileRef = D199F8A52B2869AB005B42FE /* CollectionViewCell.swift */; };
		D199F8A82B2869AB005B42FE /* CollectionViewCell.xib in Resources */ = {isa = PBXBuildFile; fileRef = D199F8A62B2869AB005B42FE /* CollectionViewCell.xib */; };
		D19C1D5B2B0BBB9800B6AD6A /* AlamofireImage in Frameworks */ = {isa = PBXBuildFile; productRef = D19C1D5A2B0BBB9800B6AD6A /* AlamofireImage */; };
		D19C1D5D2B0BC37500B6AD6A /* NetworkService.swift in Sources */ = {isa = PBXBuildFile; fileRef = D19C1D5C2B0BC37500B6AD6A /* NetworkService.swift */; };
		D19C1D602B0BDB6D00B6AD6A /* CatalogCell.swift in Sources */ = {isa = PBXBuildFile; fileRef = D19C1D5E2B0BDB6D00B6AD6A /* CatalogCell.swift */; };
		D19C1D612B0BDB6D00B6AD6A /* CatalogCell.xib in Resources */ = {isa = PBXBuildFile; fileRef = D19C1D5F2B0BDB6D00B6AD6A /* CatalogCell.xib */; };
		D19C1D642B0BEB0900B6AD6A /* CatalogTVCExt.swift in Sources */ = {isa = PBXBuildFile; fileRef = D19C1D632B0BEB0900B6AD6A /* CatalogTVCExt.swift */; };
		D1D05A102B14A1DA00135D53 /* IngredientsTVC.swift in Sources */ = {isa = PBXBuildFile; fileRef = D1D05A0F2B14A1DA00135D53 /* IngredientsTVC.swift */; };
		D1D05A122B14A42600135D53 /* IngredientsTVCExt.swift in Sources */ = {isa = PBXBuildFile; fileRef = D1D05A112B14A42600135D53 /* IngredientsTVCExt.swift */; };
		D1D05A182B14EFAB00135D53 /* DrinkDetailVC.swift in Sources */ = {isa = PBXBuildFile; fileRef = D1D05A172B14EFAB00135D53 /* DrinkDetailVC.swift */; };
		D1D05A1A2B15DB1200135D53 /* CacheService.swift in Sources */ = {isa = PBXBuildFile; fileRef = D1D05A192B15DB1200135D53 /* CacheService.swift */; };
		D1FFC6D32B1CEF4600AD22AE /* IngredientDetailVC.swift in Sources */ = {isa = PBXBuildFile; fileRef = D1FFC6D22B1CEF4600AD22AE /* IngredientDetailVC.swift */; };
/* End PBXBuildFile section */

/* Begin PBXFileReference section */
		D17D79802AFF9AAD0063851D /* Cocktail Recipes.app */ = {isa = PBXFileReference; explicitFileType = wrapper.application; includeInIndex = 0; path = "Cocktail Recipes.app"; sourceTree = BUILT_PRODUCTS_DIR; };
		D17D79832AFF9AAD0063851D /* AppDelegate.swift */ = {isa = PBXFileReference; lastKnownFileType = sourcecode.swift; path = AppDelegate.swift; sourceTree = "<group>"; };
		D17D79852AFF9AAD0063851D /* SceneDelegate.swift */ = {isa = PBXFileReference; lastKnownFileType = sourcecode.swift; path = SceneDelegate.swift; sourceTree = "<group>"; };
		D17D798C2AFF9AAF0063851D /* Assets.xcassets */ = {isa = PBXFileReference; lastKnownFileType = folder.assetcatalog; path = Assets.xcassets; sourceTree = "<group>"; };
		D17D798F2AFF9AAF0063851D /* Base */ = {isa = PBXFileReference; lastKnownFileType = file.storyboard; name = Base; path = Base.lproj/LaunchScreen.storyboard; sourceTree = "<group>"; };
		D17D79912AFF9AAF0063851D /* Info.plist */ = {isa = PBXFileReference; lastKnownFileType = text.plist.xml; path = Info.plist; sourceTree = "<group>"; };
		D17D79A32AFFA2CE0063851D /* ApiConstants.swift */ = {isa = PBXFileReference; lastKnownFileType = sourcecode.swift; path = ApiConstants.swift; sourceTree = "<group>"; };
		D17D79A52AFFA3AA0063851D /* DrinkModel.swift */ = {isa = PBXFileReference; lastKnownFileType = sourcecode.swift; path = DrinkModel.swift; sourceTree = "<group>"; };
		D17D79A72AFFA6B80063851D /* IngredientModel.swift */ = {isa = PBXFileReference; lastKnownFileType = sourcecode.swift; path = IngredientModel.swift; sourceTree = "<group>"; };
		D17D79A92AFFC0B70063851D /* Catalog.storyboard */ = {isa = PBXFileReference; lastKnownFileType = file.storyboard; path = Catalog.storyboard; sourceTree = "<group>"; };
		D17D79AB2AFFC1820063851D /* CatalogTVC.swift */ = {isa = PBXFileReference; lastKnownFileType = sourcecode.swift; path = CatalogTVC.swift; sourceTree = "<group>"; };
		D199F8A22B286974005B42FE /* CocktailsCVC.swift */ = {isa = PBXFileReference; lastKnownFileType = sourcecode.swift; path = CocktailsCVC.swift; sourceTree = "<group>"; };
		D199F8A52B2869AB005B42FE /* CollectionViewCell.swift */ = {isa = PBXFileReference; lastKnownFileType = sourcecode.swift; path = CollectionViewCell.swift; sourceTree = "<group>"; };
		D199F8A62B2869AB005B42FE /* CollectionViewCell.xib */ = {isa = PBXFileReference; lastKnownFileType = file.xib; path = CollectionViewCell.xib; sourceTree = "<group>"; };
		D19C1D5C2B0BC37500B6AD6A /* NetworkService.swift */ = {isa = PBXFileReference; lastKnownFileType = sourcecode.swift; path = NetworkService.swift; sourceTree = "<group>"; };
		D19C1D5E2B0BDB6D00B6AD6A /* CatalogCell.swift */ = {isa = PBXFileReference; lastKnownFileType = sourcecode.swift; path = CatalogCell.swift; sourceTree = "<group>"; };
		D19C1D5F2B0BDB6D00B6AD6A /* CatalogCell.xib */ = {isa = PBXFileReference; lastKnownFileType = file.xib; path = CatalogCell.xib; sourceTree = "<group>"; };
		D19C1D632B0BEB0900B6AD6A /* CatalogTVCExt.swift */ = {isa = PBXFileReference; lastKnownFileType = sourcecode.swift; path = CatalogTVCExt.swift; sourceTree = "<group>"; };
		D1D05A0F2B14A1DA00135D53 /* IngredientsTVC.swift */ = {isa = PBXFileReference; lastKnownFileType = sourcecode.swift; path = IngredientsTVC.swift; sourceTree = "<group>"; };
		D1D05A112B14A42600135D53 /* IngredientsTVCExt.swift */ = {isa = PBXFileReference; lastKnownFileType = sourcecode.swift; path = IngredientsTVCExt.swift; sourceTree = "<group>"; };
		D1D05A172B14EFAB00135D53 /* DrinkDetailVC.swift */ = {isa = PBXFileReference; lastKnownFileType = sourcecode.swift; path = DrinkDetailVC.swift; sourceTree = "<group>"; };
		D1D05A192B15DB1200135D53 /* CacheService.swift */ = {isa = PBXFileReference; fileEncoding = 4; lastKnownFileType = sourcecode.swift; path = CacheService.swift; sourceTree = "<group>"; };
		D1FFC6D22B1CEF4600AD22AE /* IngredientDetailVC.swift */ = {isa = PBXFileReference; lastKnownFileType = sourcecode.swift; path = IngredientDetailVC.swift; sourceTree = "<group>"; };
/* End PBXFileReference section */

/* Begin PBXFrameworksBuildPhase section */
		D17D797D2AFF9AAD0063851D /* Frameworks */ = {
			isa = PBXFrameworksBuildPhase;
			buildActionMask = 2147483647;
			files = (
				D17D799F2AFFA1F00063851D /* Alamofire in Frameworks */,
				D19C1D5B2B0BBB9800B6AD6A /* AlamofireImage in Frameworks */,
			);
			runOnlyForDeploymentPostprocessing = 0;
		};
/* End PBXFrameworksBuildPhase section */

/* Begin PBXGroup section */
		D17D79772AFF9AAD0063851D = {
			isa = PBXGroup;
			children = (
				D17D79822AFF9AAD0063851D /* Cocktail Recipes */,
				D17D79812AFF9AAD0063851D /* Products */,
			);
			sourceTree = "<group>";
		};
		D17D79812AFF9AAD0063851D /* Products */ = {
			isa = PBXGroup;
			children = (
				D17D79802AFF9AAD0063851D /* Cocktail Recipes.app */,
			);
			name = Products;
			sourceTree = "<group>";
		};
		D17D79822AFF9AAD0063851D /* Cocktail Recipes */ = {
			isa = PBXGroup;
			children = (
				D19C1D622B0BEAF400B6AD6A /* Extensions */,
				D17D799C2AFFA10C0063851D /* Services */,
				D17D799A2AFFA0E40063851D /* Models */,
				D17D79972AFFA0B00063851D /* Views */,
				D17D799B2AFFA0EA0063851D /* Controllers */,
				D17D79982AFFA0C00063851D /* AppDelegates */,
				D17D79992AFFA0D70063851D /* Assets */,
				D17D79912AFF9AAF0063851D /* Info.plist */,
			);
			path = "Cocktail Recipes";
			sourceTree = "<group>";
		};
		D17D79972AFFA0B00063851D /* Views */ = {
			isa = PBXGroup;
			children = (
				D17D79A92AFFC0B70063851D /* Catalog.storyboard */,
				D17D798E2AFF9AAF0063851D /* LaunchScreen.storyboard */,
			);
			path = Views;
			sourceTree = "<group>";
		};
		D17D79982AFFA0C00063851D /* AppDelegates */ = {
			isa = PBXGroup;
			children = (
				D17D79832AFF9AAD0063851D /* AppDelegate.swift */,
				D17D79852AFF9AAD0063851D /* SceneDelegate.swift */,
			);
			path = AppDelegates;
			sourceTree = "<group>";
		};
		D17D79992AFFA0D70063851D /* Assets */ = {
			isa = PBXGroup;
			children = (
				D17D798C2AFF9AAF0063851D /* Assets.xcassets */,
			);
			path = Assets;
			sourceTree = "<group>";
		};
		D17D799A2AFFA0E40063851D /* Models */ = {
			isa = PBXGroup;
			children = (
				D17D79A32AFFA2CE0063851D /* ApiConstants.swift */,
				D17D79A52AFFA3AA0063851D /* DrinkModel.swift */,
				D17D79A72AFFA6B80063851D /* IngredientModel.swift */,
			);
			path = Models;
			sourceTree = "<group>";
		};
		D17D799B2AFFA0EA0063851D /* Controllers */ = {
			isa = PBXGroup;
			children = (
				D19C1D542B0BB7C400B6AD6A /* Cell */,
				D1FFC6D02B1CEEEE00AD22AE /* DrinksFlow */,
				D1FFC6D12B1CEF0000AD22AE /* IngredientsFlow */,
			);
			path = Controllers;
			sourceTree = "<group>";
		};
		D17D799C2AFFA10C0063851D /* Services */ = {
			isa = PBXGroup;
			children = (
				D19C1D5C2B0BC37500B6AD6A /* NetworkService.swift */,
				D1D05A192B15DB1200135D53 /* CacheService.swift */,
			);
			path = Services;
			sourceTree = "<group>";
		};
		D199F8A42B286992005B42FE /* CollectionCell */ = {
			isa = PBXGroup;
			children = (
				D199F8A52B2869AB005B42FE /* CollectionViewCell.swift */,
				D199F8A62B2869AB005B42FE /* CollectionViewCell.xib */,
			);
			path = CollectionCell;
			sourceTree = "<group>";
		};
		D19C1D542B0BB7C400B6AD6A /* Cell */ = {
			isa = PBXGroup;
			children = (
				D19C1D5E2B0BDB6D00B6AD6A /* CatalogCell.swift */,
				D19C1D5F2B0BDB6D00B6AD6A /* CatalogCell.xib */,
			);
			path = Cell;
			sourceTree = "<group>";
		};
		D19C1D622B0BEAF400B6AD6A /* Extensions */ = {
			isa = PBXGroup;
			children = (
				D19C1D632B0BEB0900B6AD6A /* CatalogTVCExt.swift */,
				D1D05A112B14A42600135D53 /* IngredientsTVCExt.swift */,
			);
			path = Extensions;
			sourceTree = "<group>";
		};
		D1FFC6D02B1CEEEE00AD22AE /* DrinksFlow */ = {
			isa = PBXGroup;
			children = (
				D17D79AB2AFFC1820063851D /* CatalogTVC.swift */,
				D1D05A172B14EFAB00135D53 /* DrinkDetailVC.swift */,
			);
			path = DrinksFlow;
			sourceTree = "<group>";
		};
		D1FFC6D12B1CEF0000AD22AE /* IngredientsFlow */ = {
			isa = PBXGroup;
			children = (
				D199F8A42B286992005B42FE /* CollectionCell */,
				D1D05A0F2B14A1DA00135D53 /* IngredientsTVC.swift */,
				D1FFC6D22B1CEF4600AD22AE /* IngredientDetailVC.swift */,
				D199F8A22B286974005B42FE /* CocktailsCVC.swift */,
			);
			path = IngredientsFlow;
			sourceTree = "<group>";
		};
/* End PBXGroup section */

/* Begin PBXNativeTarget section */
		D17D797F2AFF9AAD0063851D /* Cocktail Recipes */ = {
			isa = PBXNativeTarget;
			buildConfigurationList = D17D79942AFF9AAF0063851D /* Build configuration list for PBXNativeTarget "Cocktail Recipes" */;
			buildPhases = (
				D17D797C2AFF9AAD0063851D /* Sources */,
				D17D797D2AFF9AAD0063851D /* Frameworks */,
				D17D797E2AFF9AAD0063851D /* Resources */,
			);
			buildRules = (
			);
			dependencies = (
			);
			name = "Cocktail Recipes";
			packageProductDependencies = (
				D17D799E2AFFA1F00063851D /* Alamofire */,
				D19C1D5A2B0BBB9800B6AD6A /* AlamofireImage */,
			);
			productName = "Cocktail Recipes";
			productReference = D17D79802AFF9AAD0063851D /* Cocktail Recipes.app */;
			productType = "com.apple.product-type.application";
		};
/* End PBXNativeTarget section */

/* Begin PBXProject section */
		D17D79782AFF9AAD0063851D /* Project object */ = {
			isa = PBXProject;
			attributes = {
				BuildIndependentTargetsInParallel = 1;
				LastSwiftUpdateCheck = 1500;
				LastUpgradeCheck = 1500;
				TargetAttributes = {
					D17D797F2AFF9AAD0063851D = {
						CreatedOnToolsVersion = 15.0.1;
					};
				};
			};
			buildConfigurationList = D17D797B2AFF9AAD0063851D /* Build configuration list for PBXProject "Cocktail Recipes" */;
			compatibilityVersion = "Xcode 14.0";
			developmentRegion = en;
			hasScannedForEncodings = 0;
			knownRegions = (
				en,
				Base,
			);
			mainGroup = D17D79772AFF9AAD0063851D;
			packageReferences = (
				D17D799D2AFFA1F00063851D /* XCRemoteSwiftPackageReference "Alamofire" */,
				D19C1D592B0BBB9800B6AD6A /* XCRemoteSwiftPackageReference "AlamofireImage" */,
			);
			productRefGroup = D17D79812AFF9AAD0063851D /* Products */;
			projectDirPath = "";
			projectRoot = "";
			targets = (
				D17D797F2AFF9AAD0063851D /* Cocktail Recipes */,
			);
		};
/* End PBXProject section */

/* Begin PBXResourcesBuildPhase section */
		D17D797E2AFF9AAD0063851D /* Resources */ = {
			isa = PBXResourcesBuildPhase;
			buildActionMask = 2147483647;
			files = (
				D17D79AA2AFFC0B70063851D /* Catalog.storyboard in Resources */,
				D17D79902AFF9AAF0063851D /* LaunchScreen.storyboard in Resources */,
				D17D798D2AFF9AAF0063851D /* Assets.xcassets in Resources */,
				D19C1D612B0BDB6D00B6AD6A /* CatalogCell.xib in Resources */,
				D199F8A82B2869AB005B42FE /* CollectionViewCell.xib in Resources */,
			);
			runOnlyForDeploymentPostprocessing = 0;
		};
/* End PBXResourcesBuildPhase section */

/* Begin PBXSourcesBuildPhase section */
		D17D797C2AFF9AAD0063851D /* Sources */ = {
			isa = PBXSourcesBuildPhase;
			buildActionMask = 2147483647;
			files = (
				D199F8A32B286974005B42FE /* CocktailsCVC.swift in Sources */,
				D1D05A122B14A42600135D53 /* IngredientsTVCExt.swift in Sources */,
				D17D79842AFF9AAD0063851D /* AppDelegate.swift in Sources */,
				D1D05A182B14EFAB00135D53 /* DrinkDetailVC.swift in Sources */,
				D17D79AC2AFFC1820063851D /* CatalogTVC.swift in Sources */,
				D19C1D5D2B0BC37500B6AD6A /* NetworkService.swift in Sources */,
				D19C1D642B0BEB0900B6AD6A /* CatalogTVCExt.swift in Sources */,
				D17D79A62AFFA3AA0063851D /* DrinkModel.swift in Sources */,
				D17D79862AFF9AAD0063851D /* SceneDelegate.swift in Sources */,
				D1FFC6D32B1CEF4600AD22AE /* IngredientDetailVC.swift in Sources */,
				D199F8A72B2869AB005B42FE /* CollectionViewCell.swift in Sources */,
				D17D79A42AFFA2CE0063851D /* ApiConstants.swift in Sources */,
				D1D05A102B14A1DA00135D53 /* IngredientsTVC.swift in Sources */,
				D17D79A82AFFA6B80063851D /* IngredientModel.swift in Sources */,
				D19C1D602B0BDB6D00B6AD6A /* CatalogCell.swift in Sources */,
				D1D05A1A2B15DB1200135D53 /* CacheService.swift in Sources */,
			);
			runOnlyForDeploymentPostprocessing = 0;
		};
/* End PBXSourcesBuildPhase section */

/* Begin PBXVariantGroup section */
		D17D798E2AFF9AAF0063851D /* LaunchScreen.storyboard */ = {
			isa = PBXVariantGroup;
			children = (
				D17D798F2AFF9AAF0063851D /* Base */,
			);
			name = LaunchScreen.storyboard;
			sourceTree = "<group>";
		};
/* End PBXVariantGroup section */

/* Begin XCBuildConfiguration section */
		D17D79922AFF9AAF0063851D /* Debug */ = {
			isa = XCBuildConfiguration;
			buildSettings = {
				ALWAYS_SEARCH_USER_PATHS = NO;
				ASSETCATALOG_COMPILER_GENERATE_SWIFT_ASSET_SYMBOL_EXTENSIONS = YES;
				CLANG_ANALYZER_NONNULL = YES;
				CLANG_ANALYZER_NUMBER_OBJECT_CONVERSION = YES_AGGRESSIVE;
				CLANG_CXX_LANGUAGE_STANDARD = "gnu++20";
				CLANG_ENABLE_MODULES = YES;
				CLANG_ENABLE_OBJC_ARC = YES;
				CLANG_ENABLE_OBJC_WEAK = YES;
				CLANG_WARN_BLOCK_CAPTURE_AUTORELEASING = YES;
				CLANG_WARN_BOOL_CONVERSION = YES;
				CLANG_WARN_COMMA = YES;
				CLANG_WARN_CONSTANT_CONVERSION = YES;
				CLANG_WARN_DEPRECATED_OBJC_IMPLEMENTATIONS = YES;
				CLANG_WARN_DIRECT_OBJC_ISA_USAGE = YES_ERROR;
				CLANG_WARN_DOCUMENTATION_COMMENTS = YES;
				CLANG_WARN_EMPTY_BODY = YES;
				CLANG_WARN_ENUM_CONVERSION = YES;
				CLANG_WARN_INFINITE_RECURSION = YES;
				CLANG_WARN_INT_CONVERSION = YES;
				CLANG_WARN_NON_LITERAL_NULL_CONVERSION = YES;
				CLANG_WARN_OBJC_IMPLICIT_RETAIN_SELF = YES;
				CLANG_WARN_OBJC_LITERAL_CONVERSION = YES;
				CLANG_WARN_OBJC_ROOT_CLASS = YES_ERROR;
				CLANG_WARN_QUOTED_INCLUDE_IN_FRAMEWORK_HEADER = YES;
				CLANG_WARN_RANGE_LOOP_ANALYSIS = YES;
				CLANG_WARN_STRICT_PROTOTYPES = YES;
				CLANG_WARN_SUSPICIOUS_MOVE = YES;
				CLANG_WARN_UNGUARDED_AVAILABILITY = YES_AGGRESSIVE;
				CLANG_WARN_UNREACHABLE_CODE = YES;
				CLANG_WARN__DUPLICATE_METHOD_MATCH = YES;
				COPY_PHASE_STRIP = NO;
				DEBUG_INFORMATION_FORMAT = dwarf;
				ENABLE_STRICT_OBJC_MSGSEND = YES;
				ENABLE_TESTABILITY = YES;
				ENABLE_USER_SCRIPT_SANDBOXING = YES;
				GCC_C_LANGUAGE_STANDARD = gnu17;
				GCC_DYNAMIC_NO_PIC = NO;
				GCC_NO_COMMON_BLOCKS = YES;
				GCC_OPTIMIZATION_LEVEL = 0;
				GCC_PREPROCESSOR_DEFINITIONS = (
					"DEBUG=1",
					"$(inherited)",
				);
				GCC_WARN_64_TO_32_BIT_CONVERSION = YES;
				GCC_WARN_ABOUT_RETURN_TYPE = YES_ERROR;
				GCC_WARN_UNDECLARED_SELECTOR = YES;
				GCC_WARN_UNINITIALIZED_AUTOS = YES_AGGRESSIVE;
				GCC_WARN_UNUSED_FUNCTION = YES;
				GCC_WARN_UNUSED_VARIABLE = YES;
				IPHONEOS_DEPLOYMENT_TARGET = 17.0;
				LOCALIZATION_PREFERS_STRING_CATALOGS = YES;
				MTL_ENABLE_DEBUG_INFO = INCLUDE_SOURCE;
				MTL_FAST_MATH = YES;
				ONLY_ACTIVE_ARCH = YES;
				SDKROOT = iphoneos;
				SWIFT_ACTIVE_COMPILATION_CONDITIONS = "DEBUG $(inherited)";
				SWIFT_OPTIMIZATION_LEVEL = "-Onone";
			};
			name = Debug;
		};
		D17D79932AFF9AAF0063851D /* Release */ = {
			isa = XCBuildConfiguration;
			buildSettings = {
				ALWAYS_SEARCH_USER_PATHS = NO;
				ASSETCATALOG_COMPILER_GENERATE_SWIFT_ASSET_SYMBOL_EXTENSIONS = YES;
				CLANG_ANALYZER_NONNULL = YES;
				CLANG_ANALYZER_NUMBER_OBJECT_CONVERSION = YES_AGGRESSIVE;
				CLANG_CXX_LANGUAGE_STANDARD = "gnu++20";
				CLANG_ENABLE_MODULES = YES;
				CLANG_ENABLE_OBJC_ARC = YES;
				CLANG_ENABLE_OBJC_WEAK = YES;
				CLANG_WARN_BLOCK_CAPTURE_AUTORELEASING = YES;
				CLANG_WARN_BOOL_CONVERSION = YES;
				CLANG_WARN_COMMA = YES;
				CLANG_WARN_CONSTANT_CONVERSION = YES;
				CLANG_WARN_DEPRECATED_OBJC_IMPLEMENTATIONS = YES;
				CLANG_WARN_DIRECT_OBJC_ISA_USAGE = YES_ERROR;
				CLANG_WARN_DOCUMENTATION_COMMENTS = YES;
				CLANG_WARN_EMPTY_BODY = YES;
				CLANG_WARN_ENUM_CONVERSION = YES;
				CLANG_WARN_INFINITE_RECURSION = YES;
				CLANG_WARN_INT_CONVERSION = YES;
				CLANG_WARN_NON_LITERAL_NULL_CONVERSION = YES;
				CLANG_WARN_OBJC_IMPLICIT_RETAIN_SELF = YES;
				CLANG_WARN_OBJC_LITERAL_CONVERSION = YES;
				CLANG_WARN_OBJC_ROOT_CLASS = YES_ERROR;
				CLANG_WARN_QUOTED_INCLUDE_IN_FRAMEWORK_HEADER = YES;
				CLANG_WARN_RANGE_LOOP_ANALYSIS = YES;
				CLANG_WARN_STRICT_PROTOTYPES = YES;
				CLANG_WARN_SUSPICIOUS_MOVE = YES;
				CLANG_WARN_UNGUARDED_AVAILABILITY = YES_AGGRESSIVE;
				CLANG_WARN_UNREACHABLE_CODE = YES;
				CLANG_WARN__DUPLICATE_METHOD_MATCH = YES;
				COPY_PHASE_STRIP = NO;
				DEBUG_INFORMATION_FORMAT = "dwarf-with-dsym";
				ENABLE_NS_ASSERTIONS = NO;
				ENABLE_STRICT_OBJC_MSGSEND = YES;
				ENABLE_USER_SCRIPT_SANDBOXING = YES;
				GCC_C_LANGUAGE_STANDARD = gnu17;
				GCC_NO_COMMON_BLOCKS = YES;
				GCC_WARN_64_TO_32_BIT_CONVERSION = YES;
				GCC_WARN_ABOUT_RETURN_TYPE = YES_ERROR;
				GCC_WARN_UNDECLARED_SELECTOR = YES;
				GCC_WARN_UNINITIALIZED_AUTOS = YES_AGGRESSIVE;
				GCC_WARN_UNUSED_FUNCTION = YES;
				GCC_WARN_UNUSED_VARIABLE = YES;
				IPHONEOS_DEPLOYMENT_TARGET = 17.0;
				LOCALIZATION_PREFERS_STRING_CATALOGS = YES;
				MTL_ENABLE_DEBUG_INFO = NO;
				MTL_FAST_MATH = YES;
				SDKROOT = iphoneos;
				SWIFT_COMPILATION_MODE = wholemodule;
				VALIDATE_PRODUCT = YES;
			};
			name = Release;
		};
		D17D79952AFF9AAF0063851D /* Debug */ = {
			isa = XCBuildConfiguration;
			buildSettings = {
				ASSETCATALOG_COMPILER_APPICON_NAME = AppIcon;
				ASSETCATALOG_COMPILER_GLOBAL_ACCENT_COLOR_NAME = AccentColor;
				CODE_SIGN_STYLE = Automatic;
				CURRENT_PROJECT_VERSION = 1;
				DEVELOPMENT_TEAM = 2BFD7M72TY;
				GENERATE_INFOPLIST_FILE = YES;
				INFOPLIST_FILE = "Cocktail Recipes/Info.plist";
				INFOPLIST_KEY_CFBundleDisplayName = "Cocktail Recipes";
				INFOPLIST_KEY_LSApplicationCategoryType = "public.app-category.food-and-drink";
				INFOPLIST_KEY_UIApplicationSupportsIndirectInputEvents = YES;
				INFOPLIST_KEY_UILaunchStoryboardName = LaunchScreen;
				INFOPLIST_KEY_UIMainStoryboardFile = Catalog;
				INFOPLIST_KEY_UIStatusBarStyle = "";
				INFOPLIST_KEY_UISupportedInterfaceOrientations = UIInterfaceOrientationPortrait;
				INFOPLIST_KEY_UISupportedInterfaceOrientations_iPad = "UIInterfaceOrientationLandscapeLeft UIInterfaceOrientationLandscapeRight UIInterfaceOrientationPortrait UIInterfaceOrientationPortraitUpsideDown";
				LD_RUNPATH_SEARCH_PATHS = (
					"$(inherited)",
					"@executable_path/Frameworks",
				);
				MARKETING_VERSION = 1.0.1;
				PRODUCT_BUNDLE_IDENTIFIER = "com.yourcompany.Cocktail-Recipes";
				PRODUCT_NAME = "$(TARGET_NAME)";
				SUPPORTED_PLATFORMS = "iphoneos iphonesimulator";
				SUPPORTS_MACCATALYST = NO;
				SUPPORTS_MAC_DESIGNED_FOR_IPHONE_IPAD = NO;
				SWIFT_EMIT_LOC_STRINGS = YES;
				SWIFT_VERSION = 5.0;
				TARGETED_DEVICE_FAMILY = 1;
			};
			name = Debug;
		};
		D17D79962AFF9AAF0063851D /* Release */ = {
			isa = XCBuildConfiguration;
			buildSettings = {
				ASSETCATALOG_COMPILER_APPICON_NAME = AppIcon;
				ASSETCATALOG_COMPILER_GLOBAL_ACCENT_COLOR_NAME = AccentColor;
				CODE_SIGN_STYLE = Automatic;
				CURRENT_PROJECT_VERSION = 1;
				DEVELOPMENT_TEAM = 2BFD7M72TY;
				GENERATE_INFOPLIST_FILE = YES;
				INFOPLIST_FILE = "Cocktail Recipes/Info.plist";
				INFOPLIST_KEY_CFBundleDisplayName = "Cocktail Recipes";
				INFOPLIST_KEY_LSApplicationCategoryType = "public.app-category.food-and-drink";
				INFOPLIST_KEY_UIApplicationSupportsIndirectInputEvents = YES;
				INFOPLIST_KEY_UILaunchStoryboardName = LaunchScreen;
				INFOPLIST_KEY_UIMainStoryboardFile = Catalog;
				INFOPLIST_KEY_UIStatusBarStyle = "";
				INFOPLIST_KEY_UISupportedInterfaceOrientations = UIInterfaceOrientationPortrait;
				INFOPLIST_KEY_UISupportedInterfaceOrientations_iPad = "UIInterfaceOrientationLandscapeLeft UIInterfaceOrientationLandscapeRight UIInterfaceOrientationPortrait UIInterfaceOrientationPortraitUpsideDown";
				LD_RUNPATH_SEARCH_PATHS = (
					"$(inherited)",
					"@executable_path/Frameworks",
				);
				MARKETING_VERSION = 1.0.1;
				PRODUCT_BUNDLE_IDENTIFIER = "com.yourcompany.Cocktail-Recipes";
				PRODUCT_NAME = "$(TARGET_NAME)";
				SUPPORTED_PLATFORMS = "iphoneos iphonesimulator";
				SUPPORTS_MACCATALYST = NO;
				SUPPORTS_MAC_DESIGNED_FOR_IPHONE_IPAD = NO;
				SWIFT_EMIT_LOC_STRINGS = YES;
				SWIFT_VERSION = 5.0;
				TARGETED_DEVICE_FAMILY = 1;
			};
			name = Release;
		};
/* End XCBuildConfiguration section */

/* Begin XCConfigurationList section */
		D17D797B2AFF9AAD0063851D /* Build configuration list for PBXProject "Cocktail Recipes" */ = {
			isa = XCConfigurationList;
			buildConfigurations = (
				D17D79922AFF9AAF0063851D /* Debug */,
				D17D79932AFF9AAF0063851D /* Release */,
			);
			defaultConfigurationIsVisible = 0;
			defaultConfigurationName = Release;
		};
		D17D79942AFF9AAF0063851D /* Build configuration list for PBXNativeTarget "Cocktail Recipes" */ = {
			isa = XCConfigurationList;
			buildConfigurations = (
				D17D79952AFF9AAF0063851D /* Debug */,
				D17D79962AFF9AAF0063851D /* Release */,
			);
			defaultConfigurationIsVisible = 0;
			defaultConfigurationName = Release;
		};
/* End XCConfigurationList section */

/* Begin XCRemoteSwiftPackageReference section */
		D17D799D2AFFA1F00063851D /* XCRemoteSwiftPackageReference "Alamofire" */ = {
			isa = XCRemoteSwiftPackageReference;
			repositoryURL = "https://github.com/Alamofire/Alamofire.git";
			requirement = {
				kind = upToNextMajorVersion;
				minimumVersion = 5.8.1;
			};
		};
		D19C1D592B0BBB9800B6AD6A /* XCRemoteSwiftPackageReference "AlamofireImage" */ = {
			isa = XCRemoteSwiftPackageReference;
			repositoryURL = "https://github.com/Alamofire/AlamofireImage.git";
			requirement = {
				kind = upToNextMajorVersion;
				minimumVersion = 4.3.0;
			};
		};
/* End XCRemoteSwiftPackageReference section */

/* Begin XCSwiftPackageProductDependency section */
		D17D799E2AFFA1F00063851D /* Alamofire */ = {
			isa = XCSwiftPackageProductDependency;
			package = D17D799D2AFFA1F00063851D /* XCRemoteSwiftPackageReference "Alamofire" */;
			productName = Alamofire;
		};
		D19C1D5A2B0BBB9800B6AD6A /* AlamofireImage */ = {
			isa = XCSwiftPackageProductDependency;
			package = D19C1D592B0BBB9800B6AD6A /* XCRemoteSwiftPackageReference "AlamofireImage" */;
			productName = AlamofireImage;
		};
/* End XCSwiftPackageProductDependency section */
	};
	rootObject = D17D79782AFF9AAD0063851D /* Project object */;
}
